
Microsoft Visual Studio Solution File, Format Version 12.00
# Visual Studio 14
VisualStudioVersion = 14.0.25420.1
MinimumVisualStudioVersion = 10.0.40219.1
Project("{FAE04EC0-301F-11D3-BF4B-00C04F79EFBC}") = "WF_iDental", "WF_iDental\WF_iDental.csproj", "{8F74C7AB-4921-42E2-976B-1175757BC259}"
EndProject
Project("{FAE04EC0-301F-11D3-BF4B-00C04F79EFBC}") = "Data_iDental", "Data_iDental\Data_iDental.csproj", "{0D0DB24C-1B12-47A1-8AD9-4F33AFA189A2}"
EndProject
Project("{FAE04EC0-301F-11D3-BF4B-00C04F79EFBC}") = "API_LichHen", "API_LichHen\API_LichHen.csproj", "{9B3B271C-101D-45FA-B0CC-E97A99204EE4}"
EndProject
Project("{FAE04EC0-301F-11D3-BF4B-00C04F79EFBC}") = "API_BenhNhan", "API_BenhNhan\API_BenhNhan.csproj", "{37905CA2-7A04-4AD4-B77F-C4E19814D822}"
EndProject
Project("{FAE04EC0-301F-11D3-BF4B-00C04F79EFBC}") = "API_DichVu", "API_DichVu\API_DichVu.csproj", "{0DD8F1AA-0AE0-488E-BEE2-57AA13221552}"
EndProject
Project("{FAE04EC0-301F-11D3-BF4B-00C04F79EFBC}") = "API_ThongKe", "API_ThongKe\API_ThongKe.csproj", "{00B6958F-18EC-4A73-873C-4DBE452CB4A6}"
EndProject
Project("{FAE04EC0-301F-11D3-BF4B-00C04F79EFBC}") = "Web_iDental", "Web_iDental\Web_iDental.csproj", "{A92E3AB4-667C-40CC-98E2-D360ADE24662}"
EndProject
Project("{FAE04EC0-301F-11D3-BF4B-00C04F79EFBC}") = "API_DangNhap", "API_DangNhap\API_DangNhap.csproj", "{244E967F-A426-4751-B376-A4987BAEA865}"
EndProject
Project("{FAE04EC0-301F-11D3-BF4B-00C04F79EFBC}") = "API_VatLieu", "API_VatLieu\API_VatLieu.csproj", "{A43965F1-2846-4793-AC21-809E17933C32}"
EndProject
Global
	GlobalSection(SolutionConfigurationPlatforms) = preSolution
		Debug|Any CPU = Debug|Any CPU
		Release|Any CPU = Release|Any CPU
	EndGlobalSection
	GlobalSection(ProjectConfigurationPlatforms) = postSolution
		{8F74C7AB-4921-42E2-976B-1175757BC259}.Debug|Any CPU.ActiveCfg = Debug|Any CPU
		{8F74C7AB-4921-42E2-976B-1175757BC259}.Debug|Any CPU.Build.0 = Debug|Any CPU
		{8F74C7AB-4921-42E2-976B-1175757BC259}.Release|Any CPU.ActiveCfg = Release|Any CPU
		{8F74C7AB-4921-42E2-976B-1175757BC259}.Release|Any CPU.Build.0 = Release|Any CPU
		{0D0DB24C-1B12-47A1-8AD9-4F33AFA189A2}.Debug|Any CPU.ActiveCfg = Debug|Any CPU
		{0D0DB24C-1B12-47A1-8AD9-4F33AFA189A2}.Debug|Any CPU.Build.0 = Debug|Any CPU
		{0D0DB24C-1B12-47A1-8AD9-4F33AFA189A2}.Release|Any CPU.ActiveCfg = Release|Any CPU
		{0D0DB24C-1B12-47A1-8AD9-4F33AFA189A2}.Release|Any CPU.Build.0 = Release|Any CPU
		{9B3B271C-101D-45FA-B0CC-E97A99204EE4}.Debug|Any CPU.ActiveCfg = Debug|Any CPU
		{9B3B271C-101D-45FA-B0CC-E97A99204EE4}.Debug|Any CPU.Build.0 = Debug|Any CPU
		{9B3B271C-101D-45FA-B0CC-E97A99204EE4}.Release|Any CPU.ActiveCfg = Release|Any CPU
		{9B3B271C-101D-45FA-B0CC-E97A99204EE4}.Release|Any CPU.Build.0 = Release|Any CPU
		{37905CA2-7A04-4AD4-B77F-C4E19814D822}.Debug|Any CPU.ActiveCfg = Debug|Any CPU
		{37905CA2-7A04-4AD4-B77F-C4E19814D822}.Debug|Any CPU.Build.0 = Debug|Any CPU
		{37905CA2-7A04-4AD4-B77F-C4E19814D822}.Release|Any CPU.ActiveCfg = Release|Any CPU
		{37905CA2-7A04-4AD4-B77F-C4E19814D822}.Release|Any CPU.Build.0 = Release|Any CPU
		{0DD8F1AA-0AE0-488E-BEE2-57AA13221552}.Debug|Any CPU.ActiveCfg = Debug|Any CPU
		{0DD8F1AA-0AE0-488E-BEE2-57AA13221552}.Debug|Any CPU.Build.0 = Debug|Any CPU
		{0DD8F1AA-0AE0-488E-BEE2-57AA13221552}.Release|Any CPU.ActiveCfg = Release|Any CPU
		{0DD8F1AA-0AE0-488E-BEE2-57AA13221552}.Release|Any CPU.Build.0 = Release|Any CPU
		{00B6958F-18EC-4A73-873C-4DBE452CB4A6}.Debug|Any CPU.ActiveCfg = Debug|Any CPU
		{00B6958F-18EC-4A73-873C-4DBE452CB4A6}.Debug|Any CPU.Build.0 = Debug|Any CPU
		{00B6958F-18EC-4A73-873C-4DBE452CB4A6}.Release|Any CPU.ActiveCfg = Release|Any CPU
		{00B6958F-18EC-4A73-873C-4DBE452CB4A6}.Release|Any CPU.Build.0 = Release|Any CPU
		{A92E3AB4-667C-40CC-98E2-D360ADE24662}.Debug|Any CPU.ActiveCfg = Debug|Any CPU
		{A92E3AB4-667C-40CC-98E2-D360ADE24662}.Debug|Any CPU.Build.0 = Debug|Any CPU
		{A92E3AB4-667C-40CC-98E2-D360ADE24662}.Release|Any CPU.ActiveCfg = Release|Any CPU
		{A92E3AB4-667C-40CC-98E2-D360ADE24662}.Release|Any CPU.Build.0 = Release|Any CPU
		{244E967F-A426-4751-B376-A4987BAEA865}.Debug|Any CPU.ActiveCfg = Debug|Any CPU
		{244E967F-A426-4751-B376-A4987BAEA865}.Debug|Any CPU.Build.0 = Debug|Any CPU
		{244E967F-A426-4751-B376-A4987BAEA865}.Release|Any CPU.ActiveCfg = Release|Any CPU
		{244E967F-A426-4751-B376-A4987BAEA865}.Release|Any CPU.Build.0 = Release|Any CPU
		{A43965F1-2846-4793-AC21-809E17933C32}.Debug|Any CPU.ActiveCfg = Debug|Any CPU
		{A43965F1-2846-4793-AC21-809E17933C32}.Debug|Any CPU.Build.0 = Debug|Any CPU
		{A43965F1-2846-4793-AC21-809E17933C32}.Release|Any CPU.ActiveCfg = Release|Any CPU
		{A43965F1-2846-4793-AC21-809E17933C32}.Release|Any CPU.Build.0 = Release|Any CPU
	EndGlobalSection
	GlobalSection(SolutionProperties) = preSolution
		HideSolutionNode = FALSE
	EndGlobalSection
EndGlobal
